// !$*UTF8*$!
{
	archiveVersion = 1;
	classes = {
	};
	objectVersion = 50;
	objects = {

/* Begin PBXBuildFile section */
		DA7C9E3E26C4FB0300E02BCD /* AppDelegate.swift in Sources */ = {isa = PBXBuildFile; fileRef = DA7C9E3D26C4FB0300E02BCD /* AppDelegate.swift */; };
		DA7C9E4026C4FB0300E02BCD /* SceneDelegate.swift in Sources */ = {isa = PBXBuildFile; fileRef = DA7C9E3F26C4FB0300E02BCD /* SceneDelegate.swift */; };
		DA7C9E4226C4FB0300E02BCD /* ContentView.swift in Sources */ = {isa = PBXBuildFile; fileRef = DA7C9E4126C4FB0300E02BCD /* ContentView.swift */; };
		DA7C9E4526C4FB0300E02BCD /* FirstSwiftUI.xcdatamodeld in Sources */ = {isa = PBXBuildFile; fileRef = DA7C9E4326C4FB0300E02BCD /* FirstSwiftUI.xcdatamodeld */; };
		DA7C9E4726C4FB0300E02BCD /* Assets.xcassets in Resources */ = {isa = PBXBuildFile; fileRef = DA7C9E4626C4FB0300E02BCD /* Assets.xcassets */; };
		DA7C9E4A26C4FB0300E02BCD /* Preview Assets.xcassets in Resources */ = {isa = PBXBuildFile; fileRef = DA7C9E4926C4FB0300E02BCD /* Preview Assets.xcassets */; };
		DA7C9E4D26C4FB0300E02BCD /* LaunchScreen.storyboard in Resources */ = {isa = PBXBuildFile; fileRef = DA7C9E4B26C4FB0300E02BCD /* LaunchScreen.storyboard */; };
/* End PBXBuildFile section */

/* Begin PBXFileReference section */
		DA7C9E3A26C4FB0300E02BCD /* FirstSwiftUI.app */ = {isa = PBXFileReference; explicitFileType = wrapper.application; includeInIndex = 0; path = FirstSwiftUI.app; sourceTree = BUILT_PRODUCTS_DIR; };
		DA7C9E3D26C4FB0300E02BCD /* AppDelegate.swift */ = {isa = PBXFileReference; lastKnownFileType = sourcecode.swift; path = AppDelegate.swift; sourceTree = "<group>"; };
		DA7C9E3F26C4FB0300E02BCD /* SceneDelegate.swift */ = {isa = PBXFileReference; lastKnownFileType = sourcecode.swift; path = SceneDelegate.swift; sourceTree = "<group>"; };
		DA7C9E4126C4FB0300E02BCD /* ContentView.swift */ = {isa = PBXFileReference; lastKnownFileType = sourcecode.swift; path = ContentView.swift; sourceTree = "<group>"; };
		DA7C9E4426C4FB0300E02BCD /* FirstSwiftUI.xcdatamodel */ = {isa = PBXFileReference; lastKnownFileType = wrapper.xcdatamodel; path = FirstSwiftUI.xcdatamodel; sourceTree = "<group>"; };
		DA7C9E4626C4FB0300E02BCD /* Assets.xcassets */ = {isa = PBXFileReference; lastKnownFileType = folder.assetcatalog; path = Assets.xcassets; sourceTree = "<group>"; };
		DA7C9E4926C4FB0300E02BCD /* Preview Assets.xcassets */ = {isa = PBXFileReference; lastKnownFileType = folder.assetcatalog; path = "Preview Assets.xcassets"; sourceTree = "<group>"; };
		DA7C9E4C26C4FB0300E02BCD /* Base */ = {isa = PBXFileReference; lastKnownFileType = file.storyboard; name = Base; path = Base.lproj/LaunchScreen.storyboard; sourceTree = "<group>"; };
		DA7C9E4E26C4FB0300E02BCD /* Info.plist */ = {isa = PBXFileReference; lastKnownFileType = text.plist.xml; path = Info.plist; sourceTree = "<group>"; };
/* End PBXFileReference section */

/* Begin PBXFrameworksBuildPhase section */
		DA7C9E3726C4FB0300E02BCD /* Frameworks */ = {
			isa = PBXFrameworksBuildPhase;
			buildActionMask = 2147483647;
			files = (
			);
			runOnlyForDeploymentPostprocessing = 0;
		};
/* End PBXFrameworksBuildPhase section */

/* Begin PBXGroup section */
		DA7C9E3126C4FB0300E02BCD = {
			isa = PBXGroup;
			children = (
				DA7C9E3C26C4FB0300E02BCD /* FirstSwiftUI */,
				DA7C9E3B26C4FB0300E02BCD /* Products */,
			);
			sourceTree = "<group>";
		};
		DA7C9E3B26C4FB0300E02BCD /* Products */ = {
			isa = PBXGroup;
			children = (
				DA7C9E3A26C4FB0300E02BCD /* FirstSwiftUI.app */,
			);
			name = Products;
			sourceTree = "<group>";
		};
		DA7C9E3C26C4FB0300E02BCD /* FirstSwiftUI */ = {
			isa = PBXGroup;
			children = (
				DA7C9E3D26C4FB0300E02BCD /* AppDelegate.swift */,
				DA7C9E3F26C4FB0300E02BCD /* SceneDelegate.swift */,
				DA7C9E4126C4FB0300E02BCD /* ContentView.swift */,
				DA7C9E4626C4FB0300E02BCD /* Assets.xcassets */,
				DA7C9E4B26C4FB0300E02BCD /* LaunchScreen.storyboard */,
				DA7C9E4E26C4FB0300E02BCD /* Info.plist */,
				DA7C9E4326C4FB0300E02BCD /* FirstSwiftUI.xcdatamodeld */,
				DA7C9E4826C4FB0300E02BCD /* Preview Content */,
			);
			path = FirstSwiftUI;
			sourceTree = "<group>";
		};
		DA7C9E4826C4FB0300E02BCD /* Preview Content */ = {
			isa = PBXGroup;
			children = (
				DA7C9E4926C4FB0300E02BCD /* Preview Assets.xcassets */,
			);
			path = "Preview Content";
			sourceTree = "<group>";
		};
/* End PBXGroup section */

/* Begin PBXNativeTarget section */
		DA7C9E3926C4FB0300E02BCD /* FirstSwiftUI */ = {
			isa = PBXNativeTarget;
			buildConfigurationList = DA7C9E5126C4FB0300E02BCD /* Build configuration list for PBXNativeTarget "FirstSwiftUI" */;
			buildPhases = (
				DA7C9E3626C4FB0300E02BCD /* Sources */,
				DA7C9E3726C4FB0300E02BCD /* Frameworks */,
				DA7C9E3826C4FB0300E02BCD /* Resources */,
			);
			buildRules = (
			);
			dependencies = (
			);
			name = FirstSwiftUI;
			productName = FirstSwiftUI;
			productReference = DA7C9E3A26C4FB0300E02BCD /* FirstSwiftUI.app */;
			productType = "com.apple.product-type.application";
		};
/* End PBXNativeTarget section */

/* Begin PBXProject section */
		DA7C9E3226C4FB0300E02BCD /* Project object */ = {
			isa = PBXProject;
			attributes = {
				LastSwiftUpdateCheck = 1250;
				LastUpgradeCheck = 1250;
				TargetAttributes = {
					DA7C9E3926C4FB0300E02BCD = {
						CreatedOnToolsVersion = 12.5.1;
					};
				};
			};
			buildConfigurationList = DA7C9E3526C4FB0300E02BCD /* Build configuration list for PBXProject "FirstSwiftUI" */;
			compatibilityVersion = "Xcode 9.3";
			developmentRegion = en;
			hasScannedForEncodings = 0;
			knownRegions = (
				en,
				Base,
			);
			mainGroup = DA7C9E3126C4FB0300E02BCD;
			productRefGroup = DA7C9E3B26C4FB0300E02BCD /* Products */;
			projectDirPath = "";
			projectRoot = "";
			targets = (
				DA7C9E3926C4FB0300E02BCD /* FirstSwiftUI */,
			);
		};
/* End PBXProject section */

/* Begin PBXResourcesBuildPhase section */
		DA7C9E3826C4FB0300E02BCD /* Resources */ = {
			isa = PBXResourcesBuildPhase;
			buildActionMask = 2147483647;
			files = (
				DA7C9E4D26C4FB0300E02BCD /* LaunchScreen.storyboard in Resources */,
				DA7C9E4A26C4FB0300E02BCD /* Preview Assets.xcassets in Resources */,
				DA7C9E4726C4FB0300E02BCD /* Assets.xcassets in Resources */,
			);
			runOnlyForDeploymentPostprocessing = 0;
		};
/* End PBXResourcesBuildPhase section */

/* Begin PBXSourcesBuildPhase section */
		DA7C9E3626C4FB0300E02BCD /* Sources */ = {
			isa = PBXSourcesBuildPhase;
			buildActionMask = 2147483647;
			files = (
				DA7C9E4526C4FB0300E02BCD /* FirstSwiftUI.xcdatamodeld in Sources */,
				DA7C9E3E26C4FB0300E02BCD /* AppDelegate.swift in Sources */,
				DA7C9E4026C4FB0300E02BCD /* SceneDelegate.swift in Sources */,
				DA7C9E4226C4FB0300E02BCD /* ContentView.swift in Sources */,
			);
			runOnlyForDeploymentPostprocessing = 0;
		};
/* End PBXSourcesBuildPhase section */

/* Begin PBXVariantGroup section */
		DA7C9E4B26C4FB0300E02BCD /* LaunchScreen.storyboard */ = {
			isa = PBXVariantGroup;
			children = (
				DA7C9E4C26C4FB0300E02BCD /* Base */,
			);
			name = LaunchScreen.storyboard;
			sourceTree = "<group>";
		};
/* End PBXVariantGroup section */

/* Begin XCBuildConfiguration section */
		DA7C9E4F26C4FB0300E02BCD /* Debug */ = {
			isa = XCBuildConfiguration;
			buildSettings = {
				ALWAYS_SEARCH_USER_PATHS = NO;
				CLANG_ANALYZER_NONNULL = YES;
				CLANG_ANALYZER_NUMBER_OBJECT_CONVERSION = YES_AGGRESSIVE;
				CLANG_CXX_LANGUAGE_STANDARD = "gnu++14";
				CLANG_CXX_LIBRARY = "libc++";
				CLANG_ENABLE_MODULES = YES;
				CLANG_ENABLE_OBJC_ARC = YES;
				CLANG_ENABLE_OBJC_WEAK = YES;
				CLANG_WARN_BLOCK_CAPTURE_AUTORELEASING = YES;
				CLANG_WARN_BOOL_CONVERSION = YES;
				CLANG_WARN_COMMA = YES;
				CLANG_WARN_CONSTANT_CONVERSION = YES;
				CLANG_WARN_DEPRECATED_OBJC_IMPLEMENTATIONS = YES;
				CLANG_WARN_DIRECT_OBJC_ISA_USAGE = YES_ERROR;
				CLANG_WARN_DOCUMENTATION_COMMENTS = YES;
				CLANG_WARN_EMPTY_BODY = YES;
				CLANG_WARN_ENUM_CONVERSION = YES;
				CLANG_WARN_INFINITE_RECURSION = YES;
				CLANG_WARN_INT_CONVERSION = YES;
				CLANG_WARN_NON_LITERAL_NULL_CONVERSION = YES;
				CLANG_WARN_OBJC_IMPLICIT_RETAIN_SELF = YES;
				CLANG_WARN_OBJC_LITERAL_CONVERSION = YES;
				CLANG_WARN_OBJC_ROOT_CLASS = YES_ERROR;
				CLANG_WARN_QUOTED_INCLUDE_IN_FRAMEWORK_HEADER = YES;
				CLANG_WARN_RANGE_LOOP_ANALYSIS = YES;
				CLANG_WARN_STRICT_PROTOTYPES = YES;
				CLANG_WARN_SUSPICIOUS_MOVE = YES;
				CLANG_WARN_UNGUARDED_AVAILABILITY = YES_AGGRESSIVE;
				CLANG_WARN_UNREACHABLE_CODE = YES;
				CLANG_WARN__DUPLICATE_METHOD_MATCH = YES;
				COPY_PHASE_STRIP = NO;
				DEBUG_INFORMATION_FORMAT = dwarf;
				ENABLE_STRICT_OBJC_MSGSEND = YES;
				ENABLE_TESTABILITY = YES;
				GCC_C_LANGUAGE_STANDARD = gnu11;
				GCC_DYNAMIC_NO_PIC = NO;
				GCC_NO_COMMON_BLOCKS = YES;
				GCC_OPTIMIZATION_LEVEL = 0;
				GCC_PREPROCESSOR_DEFINITIONS = (
					"DEBUG=1",
					"$(inherited)",
				);
				GCC_WARN_64_TO_32_BIT_CONVERSION = YES;
				GCC_WARN_ABOUT_RETURN_TYPE = YES_ERROR;
				GCC_WARN_UNDECLARED_SELECTOR = YES;
				GCC_WARN_UNINITIALIZED_AUTOS = YES_AGGRESSIVE;
				GCC_WARN_UNUSED_FUNCTION = YES;
				GCC_WARN_UNUSED_VARIABLE = YES;
				IPHONEOS_DEPLOYMENT_TARGET = 14.5;
				MTL_ENABLE_DEBUG_INFO = INCLUDE_SOURCE;
				MTL_FAST_MATH = YES;
				ONLY_ACTIVE_ARCH = YES;
				SDKROOT = iphoneos;
				SWIFT_ACTIVE_COMPILATION_CONDITIONS = DEBUG;
				SWIFT_OPTIMIZATION_LEVEL = "-Onone";
			};
			name = Debug;
		};
		DA7C9E5026C4FB0300E02BCD /* Release */ = {
			isa = XCBuildConfiguration;
			buildSettings = {
				ALWAYS_SEARCH_USER_PATHS = NO;
				CLANG_ANALYZER_NONNULL = YES;
				CLANG_ANALYZER_NUMBER_OBJECT_CONVERSION = YES_AGGRESSIVE;
				CLANG_CXX_LANGUAGE_STANDARD = "gnu++14";
				CLANG_CXX_LIBRARY = "libc++";
				CLANG_ENABLE_MODULES = YES;
				CLANG_ENABLE_OBJC_ARC = YES;
				CLANG_ENABLE_OBJC_WEAK = YES;
				CLANG_WARN_BLOCK_CAPTURE_AUTORELEASING = YES;
				CLANG_WARN_BOOL_CONVERSION = YES;
				CLANG_WARN_COMMA = YES;
				CLANG_WARN_CONSTANT_CONVERSION = YES;
				CLANG_WARN_DEPRECATED_OBJC_IMPLEMENTATIONS = YES;
				CLANG_WARN_DIRECT_OBJC_ISA_USAGE = YES_ERROR;
				CLANG_WARN_DOCUMENTATION_COMMENTS = YES;
				CLANG_WARN_EMPTY_BODY = YES;
				CLANG_WARN_ENUM_CONVERSION = YES;
				CLANG_WARN_INFINITE_RECURSION = YES;
				CLANG_WARN_INT_CONVERSION = YES;
				CLANG_WARN_NON_LITERAL_NULL_CONVERSION = YES;
				CLANG_WARN_OBJC_IMPLICIT_RETAIN_SELF = YES;
				CLANG_WARN_OBJC_LITERAL_CONVERSION = YES;
				CLANG_WARN_OBJC_ROOT_CLASS = YES_ERROR;
				CLANG_WARN_QUOTED_INCLUDE_IN_FRAMEWORK_HEADER = YES;
				CLANG_WARN_RANGE_LOOP_ANALYSIS = YES;
				CLANG_WARN_STRICT_PROTOTYPES = YES;
				CLANG_WARN_SUSPICIOUS_MOVE = YES;
				CLANG_WARN_UNGUARDED_AVAILABILITY = YES_AGGRESSIVE;
				CLANG_WARN_UNREACHABLE_CODE = YES;
				CLANG_WARN__DUPLICATE_METHOD_MATCH = YES;
				COPY_PHASE_STRIP = NO;
				DEBUG_INFORMATION_FORMAT = "dwarf-with-dsym";
				ENABLE_NS_ASSERTIONS = NO;
				ENABLE_STRICT_OBJC_MSGSEND = YES;
				GCC_C_LANGUAGE_STANDARD = gnu11;
				GCC_NO_COMMON_BLOCKS = YES;
				GCC_WARN_64_TO_32_BIT_CONVERSION = YES;
				GCC_WARN_ABOUT_RETURN_TYPE = YES_ERROR;
				GCC_WARN_UNDECLARED_SELECTOR = YES;
				GCC_WARN_UNINITIALIZED_AUTOS = YES_AGGRESSIVE;
				GCC_WARN_UNUSED_FUNCTION = YES;
				GCC_WARN_UNUSED_VARIABLE = YES;
				IPHONEOS_DEPLOYMENT_TARGET = 14.5;
				MTL_ENABLE_DEBUG_INFO = NO;
				MTL_FAST_MATH = YES;
				SDKROOT = iphoneos;
				SWIFT_COMPILATION_MODE = wholemodule;
				SWIFT_OPTIMIZATION_LEVEL = "-O";
				VALIDATE_PRODUCT = YES;
			};
			name = Release;
		};
		DA7C9E5226C4FB0300E02BCD /* Debug */ = {
			isa = XCBuildConfiguration;
			buildSettings = {
				ASSETCATALOG_COMPILER_APPICON_NAME = AppIcon;
				ASSETCATALOG_COMPILER_GLOBAL_ACCENT_COLOR_NAME = AccentColor;
				CODE_SIGN_STYLE = Automatic;
				DEVELOPMENT_ASSET_PATHS = "\"FirstSwiftUI/Preview Content\"";
				DEVELOPMENT_TEAM = M3U22RZ325;
				ENABLE_PREVIEWS = YES;
				INFOPLIST_FILE = FirstSwiftUI/Info.plist;
				LD_RUNPATH_SEARCH_PATHS = (
					"$(inherited)",
					"@executable_path/Frameworks",
				);
				PRODUCT_BUNDLE_IDENTIFIER = com.dev.FirstSwiftUI;
				PRODUCT_NAME = "$(TARGET_NAME)";
				SWIFT_VERSION = 5.0;
				TARGETED_DEVICE_FAMILY = "1,2";
			};
			name = Debug;
		};
		DA7C9E5326C4FB0300E02BCD /* Release */ = {
			isa = XCBuildConfiguration;
			buildSettings = {
				ASSETCATALOG_COMPILER_APPICON_NAME = AppIcon;
				ASSETCATALOG_COMPILER_GLOBAL_ACCENT_COLOR_NAME = AccentColor;
				CODE_SIGN_STYLE = Automatic;
				DEVELOPMENT_ASSET_PATHS = "\"FirstSwiftUI/Preview Content\"";
				DEVELOPMENT_TEAM = M3U22RZ325;
				ENABLE_PREVIEWS = YES;
				INFOPLIST_FILE = FirstSwiftUI/Info.plist;
				LD_RUNPATH_SEARCH_PATHS = (
					"$(inherited)",
					"@executable_path/Frameworks",
				);
				PRODUCT_BUNDLE_IDENTIFIER = com.dev.FirstSwiftUI;
				PRODUCT_NAME = "$(TARGET_NAME)";
				SWIFT_VERSION = 5.0;
				TARGETED_DEVICE_FAMILY = "1,2";
			};
			name = Release;
		};
/* End XCBuildConfiguration section */

/* Begin XCConfigurationList section */
		DA7C9E3526C4FB0300E02BCD /* Build configuration list for PBXProject "FirstSwiftUI" */ = {
			isa = XCConfigurationList;
			buildConfigurations = (
				DA7C9E4F26C4FB0300E02BCD /* Debug */,
				DA7C9E5026C4FB0300E02BCD /* Release */,
			);
			defaultConfigurationIsVisible = 0;
			defaultConfigurationName = Release;
		};
		DA7C9E5126C4FB0300E02BCD /* Build configuration list for PBXNativeTarget "FirstSwiftUI" */ = {
			isa = XCConfigurationList;
			buildConfigurations = (
				DA7C9E5226C4FB0300E02BCD /* Debug */,
				DA7C9E5326C4FB0300E02BCD /* Release */,
			);
			defaultConfigurationIsVisible = 0;
			defaultConfigurationName = Release;
		};
/* End XCConfigurationList section */

/* Begin XCVersionGroup section */
		DA7C9E4326C4FB0300E02BCD /* FirstSwiftUI.xcdatamodeld */ = {
			isa = XCVersionGroup;
			children = (
				DA7C9E4426C4FB0300E02BCD /* FirstSwiftUI.xcdatamodel */,
			);
			currentVersion = DA7C9E4426C4FB0300E02BCD /* FirstSwiftUI.xcdatamodel */;
			path = FirstSwiftUI.xcdatamodeld;
			sourceTree = "<group>";
			versionGroupType = wrapper.xcdatamodel;
		};
/* End XCVersionGroup section */
	};
	rootObject = DA7C9E3226C4FB0300E02BCD /* Project object */;
}
